PODS:
  - FlutterMacOS (1.0.0)
  - hid_listener (1.0.0):
    - FlutterMacOS

DEPENDENCIES:
  - FlutterMacOS (from `Flutter/ephemeral`)
  - hid_listener (from `Flutter/ephemeral/.symlinks/plugins/hid_listener/macos`)

EXTERNAL SOURCES:
  FlutterMacOS:
    :path: Flutter/ephemeral
  hid_listener:
    :path: Flutter/ephemeral/.symlinks/plugins/hid_listener/macos

SPEC CHECKSUMS:
  FlutterMacOS: 8f6f14fa908a6fb3fba0cd85dbd81ec4b251fb24
  hid_listener: 91db7ae4ff06a7ad9e7d1e81162858856bc67dfd

PODFILE CHECKSUM: 353c8bcc5d5b0994e508d035b5431cfe18c1dea7

COCOAPODS: 1.16.2
